
Microsoft Visual Studio Solution File, Format Version 12.00
# Visual Studio Version 17
VisualStudioVersion = 17.2.32602.215
MinimumVisualStudioVersion = 10.0.40219.1
Project("{FAE04EC0-301F-11D3-BF4B-00C04F79EFBC}") = "DataEditor", "DataEditor\DataEditor.csproj", "{F4FF6CF3-65B9-48F1-94D6-5161236EE1D4}"
EndProject
Global
	GlobalSection(SolutionConfigurationPlatforms) = preSolution
		Debug|Any CPU = Debug|Any CPU
		Release|Any CPU = Release|Any CPU
	EndGlobalSection
	GlobalSection(ProjectConfigurationPlatforms) = postSolution
		{F4FF6CF3-65B9-48F1-94D6-5161236EE1D4}.Debug|Any CPU.ActiveCfg = Debug|Any CPU
		{F4FF6CF3-65B9-48F1-94D6-5161236EE1D4}.Debug|Any CPU.Build.0 = Debug|Any CPU
		{F4FF6CF3-65B9-48F1-94D6-5161236EE1D4}.Release|Any CPU.ActiveCfg = Release|Any CPU
		{F4FF6CF3-65B9-48F1-94D6-5161236EE1D4}.Release|Any CPU.Build.0 = Release|Any CPU
	EndGlobalSection
	GlobalSection(SolutionProperties) = preSolution
		HideSolutionNode = FALSE
	EndGlobalSection
	GlobalSection(ExtensibilityGlobals) = postSolution
		SolutionGuid = {D956E50A-3E28-4E75-B1E2-CA09A725AEBD}
	EndGlobalSection
EndGlobal
